
Microsoft Visual Studio Solution File, Format Version 12.00
# Visual Studio 15
VisualStudioVersion = 15.0.28307.645
MinimumVisualStudioVersion = 10.0.40219.1
Project("{FAE04EC0-301F-11D3-BF4B-00C04F79EFBC}") = "SampleRequestdiag", "SampleRequestdiag\SampleRequestdiag.csproj", "{35F9A1F6-4D46-408E-A21E-7C76E5B3BB19}"
EndProject
Global
	GlobalSection(SolutionConfigurationPlatforms) = preSolution
		Debug|Any CPU = Debug|Any CPU
		Release|Any CPU = Release|Any CPU
	EndGlobalSection
	GlobalSection(ProjectConfigurationPlatforms) = postSolution
		{35F9A1F6-4D46-408E-A21E-7C76E5B3BB19}.Debug|Any CPU.ActiveCfg = Debug|Any CPU
		{35F9A1F6-4D46-408E-A21E-7C76E5B3BB19}.Debug|Any CPU.Build.0 = Debug|Any CPU
		{35F9A1F6-4D46-408E-A21E-7C76E5B3BB19}.Release|Any CPU.ActiveCfg = Release|Any CPU
		{35F9A1F6-4D46-408E-A21E-7C76E5B3BB19}.Release|Any CPU.Build.0 = Release|Any CPU
	EndGlobalSection
	GlobalSection(SolutionProperties) = preSolution
		HideSolutionNode = FALSE
	EndGlobalSection
	GlobalSection(ExtensibilityGlobals) = postSolution
		SolutionGuid = {70B2EBB1-C8EE-464F-8ECC-FC9F8AC781B1}
	EndGlobalSection
EndGlobal
